// !$*UTF8*$!
{
	archiveVersion = 1;
	classes = {
	};
	objectVersion = 56;
	objects = {

/* Begin PBXBuildFile section */
		046A2ADD2E6A2AA000D79DA1 /* DetailView.swift in Sources */ = {isa = PBXBuildFile; fileRef = 046A2ADC2E6A2AA000D79DA1 /* DetailView.swift */; };
		048D28C62E6AB9A100D6DABE /* CreditsView.swift in Sources */ = {isa = PBXBuildFile; fileRef = 048D28C52E6AB9A100D6DABE /* CreditsView.swift */; };
		049C00FA2E687FD100288F54 /* Note.swift in Sources */ = {isa = PBXBuildFile; fileRef = 049C00F92E687FD100288F54 /* Note.swift */; };
		04A743BF2E6877330018BD69 /* Notes Watch App.app in Embed Watch Content */ = {isa = PBXBuildFile; fileRef = 04A743BE2E6877330018BD69 /* Notes Watch App.app */; settings = {ATTRIBUTES = (RemoveHeadersOnCopy, ); }; };
		04A743C42E6877330018BD69 /* NotesApp.swift in Sources */ = {isa = PBXBuildFile; fileRef = 04A743C32E6877330018BD69 /* NotesApp.swift */; };
		04A743C62E6877330018BD69 /* ContentView.swift in Sources */ = {isa = PBXBuildFile; fileRef = 04A743C52E6877330018BD69 /* ContentView.swift */; };
		04A743C82E6877340018BD69 /* Assets.xcassets in Resources */ = {isa = PBXBuildFile; fileRef = 04A743C72E6877340018BD69 /* Assets.xcassets */; };
		04A743CB2E6877340018BD69 /* Preview Assets.xcassets in Resources */ = {isa = PBXBuildFile; fileRef = 04A743CA2E6877340018BD69 /* Preview Assets.xcassets */; };
		04CBD6AA2E6B3E4B007C7DCE /* HeaderView.swift in Sources */ = {isa = PBXBuildFile; fileRef = 04CBD6A92E6B3E4B007C7DCE /* HeaderView.swift */; };
		04CBD6AC2E6B44E3007C7DCE /* SettingsView.swift in Sources */ = {isa = PBXBuildFile; fileRef = 04CBD6AB2E6B44E3007C7DCE /* SettingsView.swift */; };
		04CBD6B32E6B61D3007C7DCE /* add-note.png in Resources */ = {isa = PBXBuildFile; fileRef = 04CBD6AE2E6B61D3007C7DCE /* add-note.png */; };
		04CBD6B62E6B61D3007C7DCE /* credits.png in Resources */ = {isa = PBXBuildFile; fileRef = 04CBD6B12E6B61D3007C7DCE /* credits.png */; };
		04CBD6B72E6B61D3007C7DCE /* settings.png in Resources */ = {isa = PBXBuildFile; fileRef = 04CBD6B22E6B61D3007C7DCE /* settings.png */; };
		04CBD6B92E6B6240007C7DCE /* demo.gif in Resources */ = {isa = PBXBuildFile; fileRef = 04CBD6B82E6B6240007C7DCE /* demo.gif */; };
		04CBD6C42E6B67D7007C7DCE /* notes.png in Resources */ = {isa = PBXBuildFile; fileRef = 04CBD6C22E6B67D7007C7DCE /* notes.png */; };
		04CBD6C52E6B67D7007C7DCE /* detail.png in Resources */ = {isa = PBXBuildFile; fileRef = 04CBD6C32E6B67D7007C7DCE /* detail.png */; };
/* End PBXBuildFile section */

/* Begin PBXContainerItemProxy section */
		04A743C02E6877330018BD69 /* PBXContainerItemProxy */ = {
			isa = PBXContainerItemProxy;
			containerPortal = 04A743B22E6877330018BD69 /* Project object */;
			proxyType = 1;
			remoteGlobalIDString = 04A743BD2E6877330018BD69;
			remoteInfo = "Notes Watch App";
		};
/* End PBXContainerItemProxy section */

/* Begin PBXCopyFilesBuildPhase section */
		04A743D12E6877340018BD69 /* Embed Watch Content */ = {
			isa = PBXCopyFilesBuildPhase;
			buildActionMask = 2147483647;
			dstPath = "$(CONTENTS_FOLDER_PATH)/Watch";
			dstSubfolderSpec = 16;
			files = (
				04A743BF2E6877330018BD69 /* Notes Watch App.app in Embed Watch Content */,
			);
			name = "Embed Watch Content";
			runOnlyForDeploymentPostprocessing = 0;
		};
/* End PBXCopyFilesBuildPhase section */

/* Begin PBXFileReference section */
		046A2ADC2E6A2AA000D79DA1 /* DetailView.swift */ = {isa = PBXFileReference; lastKnownFileType = sourcecode.swift; path = DetailView.swift; sourceTree = "<group>"; };
		048D28C52E6AB9A100D6DABE /* CreditsView.swift */ = {isa = PBXFileReference; lastKnownFileType = sourcecode.swift; path = CreditsView.swift; sourceTree = "<group>"; };
		049C00F92E687FD100288F54 /* Note.swift */ = {isa = PBXFileReference; lastKnownFileType = sourcecode.swift; path = Note.swift; sourceTree = "<group>"; };
		04A743B82E6877330018BD69 /* Notes.app */ = {isa = PBXFileReference; explicitFileType = wrapper.application; includeInIndex = 0; path = Notes.app; sourceTree = BUILT_PRODUCTS_DIR; };
		04A743BE2E6877330018BD69 /* Notes Watch App.app */ = {isa = PBXFileReference; explicitFileType = wrapper.application; includeInIndex = 0; path = "Notes Watch App.app"; sourceTree = BUILT_PRODUCTS_DIR; };
		04A743C32E6877330018BD69 /* NotesApp.swift */ = {isa = PBXFileReference; lastKnownFileType = sourcecode.swift; path = NotesApp.swift; sourceTree = "<group>"; };
		04A743C52E6877330018BD69 /* ContentView.swift */ = {isa = PBXFileReference; lastKnownFileType = sourcecode.swift; path = ContentView.swift; sourceTree = "<group>"; };
		04A743C72E6877340018BD69 /* Assets.xcassets */ = {isa = PBXFileReference; lastKnownFileType = folder.assetcatalog; path = Assets.xcassets; sourceTree = "<group>"; };
		04A743CA2E6877340018BD69 /* Preview Assets.xcassets */ = {isa = PBXFileReference; lastKnownFileType = folder.assetcatalog; path = "Preview Assets.xcassets"; sourceTree = "<group>"; };
		04CBD6A92E6B3E4B007C7DCE /* HeaderView.swift */ = {isa = PBXFileReference; lastKnownFileType = sourcecode.swift; path = HeaderView.swift; sourceTree = "<group>"; };
		04CBD6AB2E6B44E3007C7DCE /* SettingsView.swift */ = {isa = PBXFileReference; lastKnownFileType = sourcecode.swift; path = SettingsView.swift; sourceTree = "<group>"; };
		04CBD6AE2E6B61D3007C7DCE /* add-note.png */ = {isa = PBXFileReference; lastKnownFileType = image.png; path = "add-note.png"; sourceTree = "<group>"; };
		04CBD6B12E6B61D3007C7DCE /* credits.png */ = {isa = PBXFileReference; lastKnownFileType = image.png; path = credits.png; sourceTree = "<group>"; };
		04CBD6B22E6B61D3007C7DCE /* settings.png */ = {isa = PBXFileReference; lastKnownFileType = image.png; path = settings.png; sourceTree = "<group>"; };
		04CBD6B82E6B6240007C7DCE /* demo.gif */ = {isa = PBXFileReference; lastKnownFileType = image.gif; name = demo.gif; path = ../../../../../Downloads/demo.gif; sourceTree = "<group>"; };
		04CBD6C22E6B67D7007C7DCE /* notes.png */ = {isa = PBXFileReference; lastKnownFileType = image.png; name = notes.png; path = ../../../../../.Trash/notes.png; sourceTree = "<group>"; };
		04CBD6C32E6B67D7007C7DCE /* detail.png */ = {isa = PBXFileReference; lastKnownFileType = image.png; name = detail.png; path = ../../../../../.Trash/detail.png; sourceTree = "<group>"; };
/* End PBXFileReference section */

/* Begin PBXFrameworksBuildPhase section */
		04A743BB2E6877330018BD69 /* Frameworks */ = {
			isa = PBXFrameworksBuildPhase;
			buildActionMask = 2147483647;
			files = (
			);
			runOnlyForDeploymentPostprocessing = 0;
		};
/* End PBXFrameworksBuildPhase section */

/* Begin PBXGroup section */
		049C00F72E687F7900288F54 /* View */ = {
			isa = PBXGroup;
			children = (
				04A743C52E6877330018BD69 /* ContentView.swift */,
				046A2ADC2E6A2AA000D79DA1 /* DetailView.swift */,
				048D28C52E6AB9A100D6DABE /* CreditsView.swift */,
				04CBD6AB2E6B44E3007C7DCE /* SettingsView.swift */,
			);
			path = View;
			sourceTree = "<group>";
		};
		049C00F82E687FAF00288F54 /* Model */ = {
			isa = PBXGroup;
			children = (
				049C00F92E687FD100288F54 /* Note.swift */,
			);
			path = Model;
			sourceTree = "<group>";
		};
		04A743B12E6877330018BD69 = {
			isa = PBXGroup;
			children = (
				04CBD6AD2E6B611B007C7DCE /* screenshots */,
				04A743C22E6877330018BD69 /* Notes Watch App */,
				04A743B92E6877330018BD69 /* Products */,
			);
			sourceTree = "<group>";
		};
		04A743B92E6877330018BD69 /* Products */ = {
			isa = PBXGroup;
			children = (
				04A743B82E6877330018BD69 /* Notes.app */,
				04A743BE2E6877330018BD69 /* Notes Watch App.app */,
			);
			name = Products;
			sourceTree = "<group>";
		};
		04A743C22E6877330018BD69 /* Notes Watch App */ = {
			isa = PBXGroup;
			children = (
				04CBD6A82E6B3DA7007C7DCE /* Component */,
				049C00F82E687FAF00288F54 /* Model */,
				04A743C32E6877330018BD69 /* NotesApp.swift */,
				049C00F72E687F7900288F54 /* View */,
				04A743C72E6877340018BD69 /* Assets.xcassets */,
				04A743C92E6877340018BD69 /* Preview Content */,
			);
			path = "Notes Watch App";
			sourceTree = "<group>";
		};
		04A743C92E6877340018BD69 /* Preview Content */ = {
			isa = PBXGroup;
			children = (
				04A743CA2E6877340018BD69 /* Preview Assets.xcassets */,
			);
			path = "Preview Content";
			sourceTree = "<group>";
		};
		04CBD6A82E6B3DA7007C7DCE /* Component */ = {
			isa = PBXGroup;
			children = (
				04CBD6A92E6B3E4B007C7DCE /* HeaderView.swift */,
			);
			path = Component;
			sourceTree = "<group>";
		};
		04CBD6AD2E6B611B007C7DCE /* screenshots */ = {
			isa = PBXGroup;
			children = (
				04CBD6AE2E6B61D3007C7DCE /* add-note.png */,
				04CBD6C32E6B67D7007C7DCE /* detail.png */,
				04CBD6C22E6B67D7007C7DCE /* notes.png */,
				04CBD6B82E6B6240007C7DCE /* demo.gif */,
				04CBD6B12E6B61D3007C7DCE /* credits.png */,
				04CBD6B22E6B61D3007C7DCE /* settings.png */,
			);
			path = screenshots;
			sourceTree = "<group>";
		};
/* End PBXGroup section */

/* Begin PBXNativeTarget section */
		04A743B72E6877330018BD69 /* Notes */ = {
			isa = PBXNativeTarget;
			buildConfigurationList = 04A743D22E6877340018BD69 /* Build configuration list for PBXNativeTarget "Notes" */;
			buildPhases = (
				04A743B62E6877330018BD69 /* Resources */,
				04A743D12E6877340018BD69 /* Embed Watch Content */,
			);
			buildRules = (
			);
			dependencies = (
				04A743C12E6877330018BD69 /* PBXTargetDependency */,
			);
			name = Notes;
			productName = Notes;
			productReference = 04A743B82E6877330018BD69 /* Notes.app */;
			productType = "com.apple.product-type.application.watchapp2-container";
		};
		04A743BD2E6877330018BD69 /* Notes Watch App */ = {
			isa = PBXNativeTarget;
			buildConfigurationList = 04A743CE2E6877340018BD69 /* Build configuration list for PBXNativeTarget "Notes Watch App" */;
			buildPhases = (
				04A743BA2E6877330018BD69 /* Sources */,
				04A743BB2E6877330018BD69 /* Frameworks */,
				04A743BC2E6877330018BD69 /* Resources */,
			);
			buildRules = (
			);
			dependencies = (
			);
			name = "Notes Watch App";
			productName = "Notes Watch App";
			productReference = 04A743BE2E6877330018BD69 /* Notes Watch App.app */;
			productType = "com.apple.product-type.application";
		};
/* End PBXNativeTarget section */

/* Begin PBXProject section */
		04A743B22E6877330018BD69 /* Project object */ = {
			isa = PBXProject;
			attributes = {
				BuildIndependentTargetsInParallel = 1;
				LastSwiftUpdateCheck = 1420;
				LastUpgradeCheck = 1420;
				TargetAttributes = {
					04A743B72E6877330018BD69 = {
						CreatedOnToolsVersion = 14.2;
					};
					04A743BD2E6877330018BD69 = {
						CreatedOnToolsVersion = 14.2;
					};
				};
			};
			buildConfigurationList = 04A743B52E6877330018BD69 /* Build configuration list for PBXProject "Notes" */;
			compatibilityVersion = "Xcode 14.0";
			developmentRegion = en;
			hasScannedForEncodings = 0;
			knownRegions = (
				en,
				Base,
			);
			mainGroup = 04A743B12E6877330018BD69;
			productRefGroup = 04A743B92E6877330018BD69 /* Products */;
			projectDirPath = "";
			projectRoot = "";
			targets = (
				04A743B72E6877330018BD69 /* Notes */,
				04A743BD2E6877330018BD69 /* Notes Watch App */,
			);
		};
/* End PBXProject section */

/* Begin PBXResourcesBuildPhase section */
		04A743B62E6877330018BD69 /* Resources */ = {
			isa = PBXResourcesBuildPhase;
			buildActionMask = 2147483647;
			files = (
				04CBD6C42E6B67D7007C7DCE /* notes.png in Resources */,
				04CBD6B92E6B6240007C7DCE /* demo.gif in Resources */,
				04CBD6C52E6B67D7007C7DCE /* detail.png in Resources */,
				04CBD6B62E6B61D3007C7DCE /* credits.png in Resources */,
				04CBD6B32E6B61D3007C7DCE /* add-note.png in Resources */,
				04CBD6B72E6B61D3007C7DCE /* settings.png in Resources */,
			);
			runOnlyForDeploymentPostprocessing = 0;
		};
		04A743BC2E6877330018BD69 /* Resources */ = {
			isa = PBXResourcesBuildPhase;
			buildActionMask = 2147483647;
			files = (
				04A743CB2E6877340018BD69 /* Preview Assets.xcassets in Resources */,
				04A743C82E6877340018BD69 /* Assets.xcassets in Resources */,
			);
			runOnlyForDeploymentPostprocessing = 0;
		};
/* End PBXResourcesBuildPhase section */

/* Begin PBXSourcesBuildPhase section */
		04A743BA2E6877330018BD69 /* Sources */ = {
			isa = PBXSourcesBuildPhase;
			buildActionMask = 2147483647;
			files = (
				04CBD6AC2E6B44E3007C7DCE /* SettingsView.swift in Sources */,
				04A743C62E6877330018BD69 /* ContentView.swift in Sources */,
				04CBD6AA2E6B3E4B007C7DCE /* HeaderView.swift in Sources */,
				046A2ADD2E6A2AA000D79DA1 /* DetailView.swift in Sources */,
				04A743C42E6877330018BD69 /* NotesApp.swift in Sources */,
				048D28C62E6AB9A100D6DABE /* CreditsView.swift in Sources */,
				049C00FA2E687FD100288F54 /* Note.swift in Sources */,
			);
			runOnlyForDeploymentPostprocessing = 0;
		};
/* End PBXSourcesBuildPhase section */

/* Begin PBXTargetDependency section */
		04A743C12E6877330018BD69 /* PBXTargetDependency */ = {
			isa = PBXTargetDependency;
			target = 04A743BD2E6877330018BD69 /* Notes Watch App */;
			targetProxy = 04A743C02E6877330018BD69 /* PBXContainerItemProxy */;
		};
/* End PBXTargetDependency section */

/* Begin XCBuildConfiguration section */
		04A743CC2E6877340018BD69 /* Debug */ = {
			isa = XCBuildConfiguration;
			buildSettings = {
				ALWAYS_SEARCH_USER_PATHS = NO;
				CLANG_ANALYZER_NONNULL = YES;
				CLANG_ANALYZER_NUMBER_OBJECT_CONVERSION = YES_AGGRESSIVE;
				CLANG_CXX_LANGUAGE_STANDARD = "gnu++20";
				CLANG_ENABLE_MODULES = YES;
				CLANG_ENABLE_OBJC_ARC = YES;
				CLANG_ENABLE_OBJC_WEAK = YES;
				CLANG_WARN_BLOCK_CAPTURE_AUTORELEASING = YES;
				CLANG_WARN_BOOL_CONVERSION = YES;
				CLANG_WARN_COMMA = YES;
				CLANG_WARN_CONSTANT_CONVERSION = YES;
				CLANG_WARN_DEPRECATED_OBJC_IMPLEMENTATIONS = YES;
				CLANG_WARN_DIRECT_OBJC_ISA_USAGE = YES_ERROR;
				CLANG_WARN_DOCUMENTATION_COMMENTS = YES;
				CLANG_WARN_EMPTY_BODY = YES;
				CLANG_WARN_ENUM_CONVERSION = YES;
				CLANG_WARN_INFINITE_RECURSION = YES;
				CLANG_WARN_INT_CONVERSION = YES;
				CLANG_WARN_NON_LITERAL_NULL_CONVERSION = YES;
				CLANG_WARN_OBJC_IMPLICIT_RETAIN_SELF = YES;
				CLANG_WARN_OBJC_LITERAL_CONVERSION = YES;
				CLANG_WARN_OBJC_ROOT_CLASS = YES_ERROR;
				CLANG_WARN_QUOTED_INCLUDE_IN_FRAMEWORK_HEADER = YES;
				CLANG_WARN_RANGE_LOOP_ANALYSIS = YES;
				CLANG_WARN_STRICT_PROTOTYPES = YES;
				CLANG_WARN_SUSPICIOUS_MOVE = YES;
				CLANG_WARN_UNGUARDED_AVAILABILITY = YES_AGGRESSIVE;
				CLANG_WARN_UNREACHABLE_CODE = YES;
				CLANG_WARN__DUPLICATE_METHOD_MATCH = YES;
				COPY_PHASE_STRIP = NO;
				DEBUG_INFORMATION_FORMAT = dwarf;
				ENABLE_STRICT_OBJC_MSGSEND = YES;
				ENABLE_TESTABILITY = YES;
				GCC_C_LANGUAGE_STANDARD = gnu11;
				GCC_DYNAMIC_NO_PIC = NO;
				GCC_NO_COMMON_BLOCKS = YES;
				GCC_OPTIMIZATION_LEVEL = 0;
				GCC_PREPROCESSOR_DEFINITIONS = (
					"DEBUG=1",
					"$(inherited)",
				);
				GCC_WARN_64_TO_32_BIT_CONVERSION = YES;
				GCC_WARN_ABOUT_RETURN_TYPE = YES_ERROR;
				GCC_WARN_UNDECLARED_SELECTOR = YES;
				GCC_WARN_UNINITIALIZED_AUTOS = YES_AGGRESSIVE;
				GCC_WARN_UNUSED_FUNCTION = YES;
				GCC_WARN_UNUSED_VARIABLE = YES;
				MTL_ENABLE_DEBUG_INFO = INCLUDE_SOURCE;
				MTL_FAST_MATH = YES;
				ONLY_ACTIVE_ARCH = YES;
				SWIFT_ACTIVE_COMPILATION_CONDITIONS = DEBUG;
				SWIFT_OPTIMIZATION_LEVEL = "-Onone";
			};
			name = Debug;
		};
		04A743CD2E6877340018BD69 /* Release */ = {
			isa = XCBuildConfiguration;
			buildSettings = {
				ALWAYS_SEARCH_USER_PATHS = NO;
				CLANG_ANALYZER_NONNULL = YES;
				CLANG_ANALYZER_NUMBER_OBJECT_CONVERSION = YES_AGGRESSIVE;
				CLANG_CXX_LANGUAGE_STANDARD = "gnu++20";
				CLANG_ENABLE_MODULES = YES;
				CLANG_ENABLE_OBJC_ARC = YES;
				CLANG_ENABLE_OBJC_WEAK = YES;
				CLANG_WARN_BLOCK_CAPTURE_AUTORELEASING = YES;
				CLANG_WARN_BOOL_CONVERSION = YES;
				CLANG_WARN_COMMA = YES;
				CLANG_WARN_CONSTANT_CONVERSION = YES;
				CLANG_WARN_DEPRECATED_OBJC_IMPLEMENTATIONS = YES;
				CLANG_WARN_DIRECT_OBJC_ISA_USAGE = YES_ERROR;
				CLANG_WARN_DOCUMENTATION_COMMENTS = YES;
				CLANG_WARN_EMPTY_BODY = YES;
				CLANG_WARN_ENUM_CONVERSION = YES;
				CLANG_WARN_INFINITE_RECURSION = YES;
				CLANG_WARN_INT_CONVERSION = YES;
				CLANG_WARN_NON_LITERAL_NULL_CONVERSION = YES;
				CLANG_WARN_OBJC_IMPLICIT_RETAIN_SELF = YES;
				CLANG_WARN_OBJC_LITERAL_CONVERSION = YES;
				CLANG_WARN_OBJC_ROOT_CLASS = YES_ERROR;
				CLANG_WARN_QUOTED_INCLUDE_IN_FRAMEWORK_HEADER = YES;
				CLANG_WARN_RANGE_LOOP_ANALYSIS = YES;
				CLANG_WARN_STRICT_PROTOTYPES = YES;
				CLANG_WARN_SUSPICIOUS_MOVE = YES;
				CLANG_WARN_UNGUARDED_AVAILABILITY = YES_AGGRESSIVE;
				CLANG_WARN_UNREACHABLE_CODE = YES;
				CLANG_WARN__DUPLICATE_METHOD_MATCH = YES;
				COPY_PHASE_STRIP = NO;
				DEBUG_INFORMATION_FORMAT = "dwarf-with-dsym";
				ENABLE_NS_ASSERTIONS = NO;
				ENABLE_STRICT_OBJC_MSGSEND = YES;
				GCC_C_LANGUAGE_STANDARD = gnu11;
				GCC_NO_COMMON_BLOCKS = YES;
				GCC_WARN_64_TO_32_BIT_CONVERSION = YES;
				GCC_WARN_ABOUT_RETURN_TYPE = YES_ERROR;
				GCC_WARN_UNDECLARED_SELECTOR = YES;
				GCC_WARN_UNINITIALIZED_AUTOS = YES_AGGRESSIVE;
				GCC_WARN_UNUSED_FUNCTION = YES;
				GCC_WARN_UNUSED_VARIABLE = YES;
				MTL_ENABLE_DEBUG_INFO = NO;
				MTL_FAST_MATH = YES;
				SWIFT_COMPILATION_MODE = wholemodule;
				SWIFT_OPTIMIZATION_LEVEL = "-O";
			};
			name = Release;
		};
		04A743CF2E6877340018BD69 /* Debug */ = {
			isa = XCBuildConfiguration;
			buildSettings = {
				ASSETCATALOG_COMPILER_APPICON_NAME = AppIcon;
				ASSETCATALOG_COMPILER_GLOBAL_ACCENT_COLOR_NAME = AccentColor;
				CODE_SIGN_STYLE = Automatic;
				CURRENT_PROJECT_VERSION = 1;
				DEVELOPMENT_ASSET_PATHS = "\"Notes Watch App/Preview Content\"";
				DEVELOPMENT_TEAM = HY52BP7W5P;
				ENABLE_PREVIEWS = YES;
				GENERATE_INFOPLIST_FILE = YES;
				INFOPLIST_KEY_CFBundleDisplayName = Notes;
				INFOPLIST_KEY_UISupportedInterfaceOrientations = "UIInterfaceOrientationPortrait UIInterfaceOrientationPortraitUpsideDown";
				INFOPLIST_KEY_WKWatchOnly = YES;
				LD_RUNPATH_SEARCH_PATHS = (
					"$(inherited)",
					"@executable_path/Frameworks",
				);
				MARKETING_VERSION = 1.0;
				PRODUCT_BUNDLE_IDENTIFIER = co.virat.Notes.watchkitapp;
				PRODUCT_NAME = "$(TARGET_NAME)";
				SDKROOT = watchos;
				SKIP_INSTALL = YES;
				SWIFT_EMIT_LOC_STRINGS = YES;
				SWIFT_VERSION = 5.0;
				TARGETED_DEVICE_FAMILY = 4;
				WATCHOS_DEPLOYMENT_TARGET = 9.1;
			};
			name = Debug;
		};
		04A743D02E6877340018BD69 /* Release */ = {
			isa = XCBuildConfiguration;
			buildSettings = {
				ASSETCATALOG_COMPILER_APPICON_NAME = AppIcon;
				ASSETCATALOG_COMPILER_GLOBAL_ACCENT_COLOR_NAME = AccentColor;
				CODE_SIGN_STYLE = Automatic;
				CURRENT_PROJECT_VERSION = 1;
				DEVELOPMENT_ASSET_PATHS = "\"Notes Watch App/Preview Content\"";
				DEVELOPMENT_TEAM = HY52BP7W5P;
				ENABLE_PREVIEWS = YES;
				GENERATE_INFOPLIST_FILE = YES;
				INFOPLIST_KEY_CFBundleDisplayName = Notes;
				INFOPLIST_KEY_UISupportedInterfaceOrientations = "UIInterfaceOrientationPortrait UIInterfaceOrientationPortraitUpsideDown";
				INFOPLIST_KEY_WKWatchOnly = YES;
				LD_RUNPATH_SEARCH_PATHS = (
					"$(inherited)",
					"@executable_path/Frameworks",
				);
				MARKETING_VERSION = 1.0;
				PRODUCT_BUNDLE_IDENTIFIER = co.virat.Notes.watchkitapp;
				PRODUCT_NAME = "$(TARGET_NAME)";
				SDKROOT = watchos;
				SKIP_INSTALL = YES;
				SWIFT_EMIT_LOC_STRINGS = YES;
				SWIFT_VERSION = 5.0;
				TARGETED_DEVICE_FAMILY = 4;
				VALIDATE_PRODUCT = YES;
				WATCHOS_DEPLOYMENT_TARGET = 9.1;
			};
			name = Release;
		};
		04A743D32E6877340018BD69 /* Debug */ = {
			isa = XCBuildConfiguration;
			buildSettings = {
				ALWAYS_EMBED_SWIFT_STANDARD_LIBRARIES = YES;
				CODE_SIGN_STYLE = Automatic;
				CURRENT_PROJECT_VERSION = 1;
				DEVELOPMENT_TEAM = HY52BP7W5P;
				INFOPLIST_KEY_CFBundleDisplayName = Notes;
				MARKETING_VERSION = 1.0;
				PRODUCT_BUNDLE_IDENTIFIER = co.virat.Notes;
				PRODUCT_NAME = "$(TARGET_NAME)";
				SDKROOT = iphoneos;
				SWIFT_VERSION = 5.0;
			};
			name = Debug;
		};
		04A743D42E6877340018BD69 /* Release */ = {
			isa = XCBuildConfiguration;
			buildSettings = {
				ALWAYS_EMBED_SWIFT_STANDARD_LIBRARIES = YES;
				CODE_SIGN_STYLE = Automatic;
				CURRENT_PROJECT_VERSION = 1;
				DEVELOPMENT_TEAM = HY52BP7W5P;
				INFOPLIST_KEY_CFBundleDisplayName = Notes;
				MARKETING_VERSION = 1.0;
				PRODUCT_BUNDLE_IDENTIFIER = co.virat.Notes;
				PRODUCT_NAME = "$(TARGET_NAME)";
				SDKROOT = iphoneos;
				SWIFT_VERSION = 5.0;
				VALIDATE_PRODUCT = YES;
			};
			name = Release;
		};
/* End XCBuildConfiguration section */

/* Begin XCConfigurationList section */
		04A743B52E6877330018BD69 /* Build configuration list for PBXProject "Notes" */ = {
			isa = XCConfigurationList;
			buildConfigurations = (
				04A743CC2E6877340018BD69 /* Debug */,
				04A743CD2E6877340018BD69 /* Release */,
			);
			defaultConfigurationIsVisible = 0;
			defaultConfigurationName = Release;
		};
		04A743CE2E6877340018BD69 /* Build configuration list for PBXNativeTarget "Notes Watch App" */ = {
			isa = XCConfigurationList;
			buildConfigurations = (
				04A743CF2E6877340018BD69 /* Debug */,
				04A743D02E6877340018BD69 /* Release */,
			);
			defaultConfigurationIsVisible = 0;
			defaultConfigurationName = Release;
		};
		04A743D22E6877340018BD69 /* Build configuration list for PBXNativeTarget "Notes" */ = {
			isa = XCConfigurationList;
			buildConfigurations = (
				04A743D32E6877340018BD69 /* Debug */,
				04A743D42E6877340018BD69 /* Release */,
			);
			defaultConfigurationIsVisible = 0;
			defaultConfigurationName = Release;
		};
/* End XCConfigurationList section */
	};
	rootObject = 04A743B22E6877330018BD69 /* Project object */;
}
